
Microsoft Visual Studio Solution File, Format Version 12.00
# Visual Studio Version 16
VisualStudioVersion = 16.0.30309.148
MinimumVisualStudioVersion = 10.0.40219.1
Project("{FAE04EC0-301F-11D3-BF4B-00C04F79EFBC}") = "MyBoids", "MyBoids.csproj", "{BF5606CA-2D1E-4364-99D0-19E28B4DD638}"
EndProject
Global
	GlobalSection(SolutionConfigurationPlatforms) = preSolution
		Debug|Any CPU = Debug|Any CPU
		Debug|x64 = Debug|x64
		Release|Any CPU = Release|Any CPU
		Release|x64 = Release|x64
	EndGlobalSection
	GlobalSection(ProjectConfigurationPlatforms) = postSolution
		{BF5606CA-2D1E-4364-99D0-19E28B4DD638}.Debug|Any CPU.ActiveCfg = Debug|Any CPU
		{BF5606CA-2D1E-4364-99D0-19E28B4DD638}.Debug|Any CPU.Build.0 = Debug|Any CPU
		{BF5606CA-2D1E-4364-99D0-19E28B4DD638}.Debug|x64.ActiveCfg = Debug|x64
		{BF5606CA-2D1E-4364-99D0-19E28B4DD638}.Debug|x64.Build.0 = Debug|x64
		{BF5606CA-2D1E-4364-99D0-19E28B4DD638}.Release|Any CPU.ActiveCfg = Release|Any CPU
		{BF5606CA-2D1E-4364-99D0-19E28B4DD638}.Release|Any CPU.Build.0 = Release|Any CPU
		{BF5606CA-2D1E-4364-99D0-19E28B4DD638}.Release|x64.ActiveCfg = Release|x64
		{BF5606CA-2D1E-4364-99D0-19E28B4DD638}.Release|x64.Build.0 = Release|x64
	EndGlobalSection
	GlobalSection(SolutionProperties) = preSolution
		HideSolutionNode = FALSE
	EndGlobalSection
	GlobalSection(ExtensibilityGlobals) = postSolution
		SolutionGuid = {30E48826-A5AF-4A8C-9D96-C684BFF77799}
	EndGlobalSection
EndGlobal
